# This file is automatically @generated by Poetry 1.6.1 and should not be changed by hand.

[[package]]
name = "packaging"
version = "23.1"
description = "Core utilities for Python packages"
optional = false
python-versions = ">=3.7"
files = [
    {file = "packaging-23.1-py3-none-any.whl", hash = "sha256:994793af429502c4ea2ebf6bf664629d07c1a9fe974af92966e4b8d2df7edc61"},
    {file = "packaging-23.1.tar.gz", hash = "sha256:a392980d2b6cffa644431898be54b0045151319d1e7ec34f0cfed48767dd334f"},
]

[[package]]
name = "pycparser"
version = "2.21"
description = "C parser in Python"
optional = false
python-versions = ">=2.7, !=3.0.*, !=3.1.*, !=3.2.*, !=3.3.*"
files = [
    {file = "pycparser-2.21-py2.py3-none-any.whl", hash = "sha256:8ee45429555515e1f6b185e78100aea234072576aa43ab53aefcae078162fca9"},
    {file = "pycparser-2.21.tar.gz", hash = "sha256:e644fdec12f7872f86c58ff790da456218b10f863970249516d60a5eaca77206"},
]

[[package]]
name = "pythonnet"
version = "2.5.2"
description = ".Net and Mono integration for Python"
optional = false
python-versions = "*"
files = [
    {file = "pythonnet-2.5.2-cp27-cp27m-win32.whl", hash = "sha256:d519bbc7b1cd3999651efc594d91cb67c46d1d8466dad3d83b578102e58d05bd"},
    {file = "pythonnet-2.5.2-cp27-cp27m-win_amd64.whl", hash = "sha256:c02f53d0e61b202cddf3198fac9553d5b4ee0ea0cc4fe658c2ed69ab24def276"},
    {file = "pythonnet-2.5.2-cp35-cp35m-win32.whl", hash = "sha256:840bdef89b378663d73f74f18895b6d8630d1f5671457a1db5ffb68179d85582"},
    {file = "pythonnet-2.5.2-cp35-cp35m-win_amd64.whl", hash = "sha256:d8e5b27de1e2cfb69b88782ac5cdf605b1a73598a85d86570e46961126628dbb"},
    {file = "pythonnet-2.5.2-cp36-cp36m-win32.whl", hash = "sha256:62645c29840c4a877d66e047f3e065b2e5a1a66431a99bce8d42a5af3a093ee1"},
    {file = "pythonnet-2.5.2-cp36-cp36m-win_amd64.whl", hash = "sha256:058e536062d1585d07ec5f2cf16aefcfc8eb8179faa90e5db0063d358469d025"},
    {file = "pythonnet-2.5.2-cp37-cp37m-win32.whl", hash = "sha256:cc77fc63e2afb0a80199ab44ced4fdfb78c19d8030063c345c80740d15380dd9"},
    {file = "pythonnet-2.5.2-cp37-cp37m-win_amd64.whl", hash = "sha256:80c8f5c9bd10440a73eb6aedbbacb2f3dd7701b474816f5ef7636f529d838d38"},
    {file = "pythonnet-2.5.2-cp38-cp38-win32.whl", hash = "sha256:41a607b7304e9efc6d4d8db438d6018a17c6637e8b8998848ff5c2a7a1b4687c"},
    {file = "pythonnet-2.5.2-cp38-cp38-win_amd64.whl", hash = "sha256:00a4fed9fc05b4efbe8947c79dc0799cffbca4c89e3e068e70b6618f20c906f2"},
    {file = "pythonnet-2.5.2.tar.gz", hash = "sha256:b7287480a1f6ae4b6fc80d775446d8af00e051ca1646b6cc3d32c5d3a461ede3"},
]

[package.dependencies]
pycparser = "*"

[metadata]
lock-version = "2.0"
python-versions = "^3.9"
content-hash = "76b90027ce13225e1c37c1b30f92e0b46df5f3c067f44380317dcf9f660b1f2a"
